// !$*UTF8*$!
{
	archiveVersion = 1;
	classes = {
	};
	objectVersion = 50;
	objects = {

/* Begin PBXBuildFile section */
		BB4581BF2981E53F00C62665 /* ContentView.swift in Sources */ = {isa = PBXBuildFile; fileRef = BB4581BE2981E53F00C62665 /* ContentView.swift */; };
		BB4581C22981EB8000C62665 /* ContentViewRow.swift in Sources */ = {isa = PBXBuildFile; fileRef = BB4581C12981EB8000C62665 /* ContentViewRow.swift */; };
		BB6DF34C29749E1E00E2D16F /* LearningApp.swift in Sources */ = {isa = PBXBuildFile; fileRef = BB6DF34B29749E1E00E2D16F /* LearningApp.swift */; };
		BB6DF34E29749E1E00E2D16F /* HomeView.swift in Sources */ = {isa = PBXBuildFile; fileRef = BB6DF34D29749E1E00E2D16F /* HomeView.swift */; };
		BB6DF35029749E1F00E2D16F /* Assets.xcassets in Resources */ = {isa = PBXBuildFile; fileRef = BB6DF34F29749E1F00E2D16F /* Assets.xcassets */; };
		BB6DF35329749E1F00E2D16F /* Preview Assets.xcassets in Resources */ = {isa = PBXBuildFile; fileRef = BB6DF35229749E1F00E2D16F /* Preview Assets.xcassets */; };
		BB6DF36329749F1400E2D16F /* ContentModel.swift in Sources */ = {isa = PBXBuildFile; fileRef = BB6DF36229749F1400E2D16F /* ContentModel.swift */; };
		BBB19EB129760A8900966F5A /* style.html in Resources */ = {isa = PBXBuildFile; fileRef = BBB19EAF29760A8900966F5A /* style.html */; };
		BBB19EB229760A8900966F5A /* data.json in Resources */ = {isa = PBXBuildFile; fileRef = BBB19EB029760A8900966F5A /* data.json */; };
		BBB19EB529760C7700966F5A /* Module.swift in Sources */ = {isa = PBXBuildFile; fileRef = BBB19EB429760C7700966F5A /* Module.swift */; };
		BBB19EB829760CE200966F5A /* Content.swift in Sources */ = {isa = PBXBuildFile; fileRef = BBB19EB729760CE200966F5A /* Content.swift */; };
		BBB19EBB29760D2B00966F5A /* Lesson.swift in Sources */ = {isa = PBXBuildFile; fileRef = BBB19EBA29760D2B00966F5A /* Lesson.swift */; };
		BBB19EBE29760D9E00966F5A /* Test.swift in Sources */ = {isa = PBXBuildFile; fileRef = BBB19EBD29760D9E00966F5A /* Test.swift */; };
		BBB19EC129760DD500966F5A /* Question.swift in Sources */ = {isa = PBXBuildFile; fileRef = BBB19EC029760DD500966F5A /* Question.swift */; };
		BBC34145297F496D00753DA5 /* HomeViewRow.swift in Sources */ = {isa = PBXBuildFile; fileRef = BBC34144297F496D00753DA5 /* HomeViewRow.swift */; };
		BBE0D9E9298716030056A5EF /* ContentDetailView.swift in Sources */ = {isa = PBXBuildFile; fileRef = BBE0D9E8298716030056A5EF /* ContentDetailView.swift */; };
/* End PBXBuildFile section */

/* Begin PBXFileReference section */
		BB4581BE2981E53F00C62665 /* ContentView.swift */ = {isa = PBXFileReference; lastKnownFileType = sourcecode.swift; path = ContentView.swift; sourceTree = "<group>"; };
		BB4581C12981EB8000C62665 /* ContentViewRow.swift */ = {isa = PBXFileReference; lastKnownFileType = sourcecode.swift; path = ContentViewRow.swift; sourceTree = "<group>"; };
		BB6DF34829749E1E00E2D16F /* learning-app.app */ = {isa = PBXFileReference; explicitFileType = wrapper.application; includeInIndex = 0; path = "learning-app.app"; sourceTree = BUILT_PRODUCTS_DIR; };
		BB6DF34B29749E1E00E2D16F /* LearningApp.swift */ = {isa = PBXFileReference; lastKnownFileType = sourcecode.swift; path = LearningApp.swift; sourceTree = "<group>"; };
		BB6DF34D29749E1E00E2D16F /* HomeView.swift */ = {isa = PBXFileReference; lastKnownFileType = sourcecode.swift; path = HomeView.swift; sourceTree = "<group>"; };
		BB6DF34F29749E1F00E2D16F /* Assets.xcassets */ = {isa = PBXFileReference; lastKnownFileType = folder.assetcatalog; path = Assets.xcassets; sourceTree = "<group>"; };
		BB6DF35229749E1F00E2D16F /* Preview Assets.xcassets */ = {isa = PBXFileReference; lastKnownFileType = folder.assetcatalog; path = "Preview Assets.xcassets"; sourceTree = "<group>"; };
		BB6DF35429749E1F00E2D16F /* Info.plist */ = {isa = PBXFileReference; lastKnownFileType = text.plist.xml; path = Info.plist; sourceTree = "<group>"; };
		BB6DF36229749F1400E2D16F /* ContentModel.swift */ = {isa = PBXFileReference; lastKnownFileType = sourcecode.swift; path = ContentModel.swift; sourceTree = "<group>"; };
		BBB19EAF29760A8900966F5A /* style.html */ = {isa = PBXFileReference; fileEncoding = 4; lastKnownFileType = text.html; path = style.html; sourceTree = "<group>"; };
		BBB19EB029760A8900966F5A /* data.json */ = {isa = PBXFileReference; fileEncoding = 4; lastKnownFileType = text.json; path = data.json; sourceTree = "<group>"; };
		BBB19EB429760C7700966F5A /* Module.swift */ = {isa = PBXFileReference; lastKnownFileType = sourcecode.swift; path = Module.swift; sourceTree = "<group>"; };
		BBB19EB729760CE200966F5A /* Content.swift */ = {isa = PBXFileReference; lastKnownFileType = sourcecode.swift; path = Content.swift; sourceTree = "<group>"; };
		BBB19EBA29760D2B00966F5A /* Lesson.swift */ = {isa = PBXFileReference; lastKnownFileType = sourcecode.swift; path = Lesson.swift; sourceTree = "<group>"; };
		BBB19EBD29760D9E00966F5A /* Test.swift */ = {isa = PBXFileReference; lastKnownFileType = sourcecode.swift; path = Test.swift; sourceTree = "<group>"; };
		BBB19EC029760DD500966F5A /* Question.swift */ = {isa = PBXFileReference; lastKnownFileType = sourcecode.swift; path = Question.swift; sourceTree = "<group>"; };
		BBC34144297F496D00753DA5 /* HomeViewRow.swift */ = {isa = PBXFileReference; lastKnownFileType = sourcecode.swift; path = HomeViewRow.swift; sourceTree = "<group>"; };
		BBE0D9E8298716030056A5EF /* ContentDetailView.swift */ = {isa = PBXFileReference; lastKnownFileType = sourcecode.swift; path = ContentDetailView.swift; sourceTree = "<group>"; };
/* End PBXFileReference section */

/* Begin PBXFrameworksBuildPhase section */
		BB6DF34529749E1E00E2D16F /* Frameworks */ = {
			isa = PBXFrameworksBuildPhase;
			buildActionMask = 2147483647;
			files = (
			);
			runOnlyForDeploymentPostprocessing = 0;
		};
/* End PBXFrameworksBuildPhase section */

/* Begin PBXGroup section */
		BB6DF33F29749E1E00E2D16F = {
			isa = PBXGroup;
			children = (
				BB6DF34A29749E1E00E2D16F /* learning-app */,
				BB6DF34929749E1E00E2D16F /* Products */,
			);
			sourceTree = "<group>";
		};
		BB6DF34929749E1E00E2D16F /* Products */ = {
			isa = PBXGroup;
			children = (
				BB6DF34829749E1E00E2D16F /* learning-app.app */,
			);
			name = Products;
			sourceTree = "<group>";
		};
		BB6DF34A29749E1E00E2D16F /* learning-app */ = {
			isa = PBXGroup;
			children = (
				BB6DF34B29749E1E00E2D16F /* LearningApp.swift */,
				BB6DF35D29749E7900E2D16F /* Views */,
				BB6DF35E29749E8000E2D16F /* ViewModels */,
				BB6DF35F29749E8800E2D16F /* Models */,
				BB6DF36129749E9600E2D16F /* Helpers */,
				BB6DF36029749E8E00E2D16F /* Resources */,
				BB6DF34F29749E1F00E2D16F /* Assets.xcassets */,
				BB6DF35429749E1F00E2D16F /* Info.plist */,
				BB6DF35129749E1F00E2D16F /* Preview Content */,
			);
			path = "learning-app";
			sourceTree = "<group>";
		};
		BB6DF35129749E1F00E2D16F /* Preview Content */ = {
			isa = PBXGroup;
			children = (
				BB6DF35229749E1F00E2D16F /* Preview Assets.xcassets */,
			);
			path = "Preview Content";
			sourceTree = "<group>";
		};
		BB6DF35D29749E7900E2D16F /* Views */ = {
			isa = PBXGroup;
			children = (
				BB6DF34D29749E1E00E2D16F /* HomeView.swift */,
				BBC34144297F496D00753DA5 /* HomeViewRow.swift */,
				BB4581BE2981E53F00C62665 /* ContentView.swift */,
				BB4581C12981EB8000C62665 /* ContentViewRow.swift */,
				BBE0D9E8298716030056A5EF /* ContentDetailView.swift */,
			);
			path = Views;
			sourceTree = "<group>";
		};
		BB6DF35E29749E8000E2D16F /* ViewModels */ = {
			isa = PBXGroup;
			children = (
				BB6DF36229749F1400E2D16F /* ContentModel.swift */,
			);
			path = ViewModels;
			sourceTree = "<group>";
		};
		BB6DF35F29749E8800E2D16F /* Models */ = {
			isa = PBXGroup;
			children = (
				BBB19EB429760C7700966F5A /* Module.swift */,
				BBB19EB729760CE200966F5A /* Content.swift */,
				BBB19EBA29760D2B00966F5A /* Lesson.swift */,
				BBB19EBD29760D9E00966F5A /* Test.swift */,
				BBB19EC029760DD500966F5A /* Question.swift */,
			);
			path = Models;
			sourceTree = "<group>";
		};
		BB6DF36029749E8E00E2D16F /* Resources */ = {
			isa = PBXGroup;
			children = (
				BBB19EB029760A8900966F5A /* data.json */,
				BBB19EAF29760A8900966F5A /* style.html */,
			);
			path = Resources;
			sourceTree = "<group>";
		};
		BB6DF36129749E9600E2D16F /* Helpers */ = {
			isa = PBXGroup;
			children = (
			);
			path = Helpers;
			sourceTree = "<group>";
		};
/* End PBXGroup section */

/* Begin PBXNativeTarget section */
		BB6DF34729749E1E00E2D16F /* learning-app */ = {
			isa = PBXNativeTarget;
			buildConfigurationList = BB6DF35729749E1F00E2D16F /* Build configuration list for PBXNativeTarget "learning-app" */;
			buildPhases = (
				BB6DF34429749E1E00E2D16F /* Sources */,
				BB6DF34529749E1E00E2D16F /* Frameworks */,
				BB6DF34629749E1E00E2D16F /* Resources */,
			);
			buildRules = (
			);
			dependencies = (
			);
			name = "learning-app";
			productName = "learning-app";
			productReference = BB6DF34829749E1E00E2D16F /* learning-app.app */;
			productType = "com.apple.product-type.application";
		};
/* End PBXNativeTarget section */

/* Begin PBXProject section */
		BB6DF34029749E1E00E2D16F /* Project object */ = {
			isa = PBXProject;
			attributes = {
				LastSwiftUpdateCheck = 1240;
				LastUpgradeCheck = 1240;
				TargetAttributes = {
					BB6DF34729749E1E00E2D16F = {
						CreatedOnToolsVersion = 12.4;
					};
				};
			};
			buildConfigurationList = BB6DF34329749E1E00E2D16F /* Build configuration list for PBXProject "learning-app" */;
			compatibilityVersion = "Xcode 9.3";
			developmentRegion = en;
			hasScannedForEncodings = 0;
			knownRegions = (
				en,
				Base,
			);
			mainGroup = BB6DF33F29749E1E00E2D16F;
			productRefGroup = BB6DF34929749E1E00E2D16F /* Products */;
			projectDirPath = "";
			projectRoot = "";
			targets = (
				BB6DF34729749E1E00E2D16F /* learning-app */,
			);
		};
/* End PBXProject section */

/* Begin PBXResourcesBuildPhase section */
		BB6DF34629749E1E00E2D16F /* Resources */ = {
			isa = PBXResourcesBuildPhase;
			buildActionMask = 2147483647;
			files = (
				BBB19EB129760A8900966F5A /* style.html in Resources */,
				BB6DF35329749E1F00E2D16F /* Preview Assets.xcassets in Resources */,
				BB6DF35029749E1F00E2D16F /* Assets.xcassets in Resources */,
				BBB19EB229760A8900966F5A /* data.json in Resources */,
			);
			runOnlyForDeploymentPostprocessing = 0;
		};
/* End PBXResourcesBuildPhase section */

/* Begin PBXSourcesBuildPhase section */
		BB6DF34429749E1E00E2D16F /* Sources */ = {
			isa = PBXSourcesBuildPhase;
			buildActionMask = 2147483647;
			files = (
				BB4581C22981EB8000C62665 /* ContentViewRow.swift in Sources */,
				BB6DF34E29749E1E00E2D16F /* HomeView.swift in Sources */,
				BBC34145297F496D00753DA5 /* HomeViewRow.swift in Sources */,
				BBB19EC129760DD500966F5A /* Question.swift in Sources */,
				BBB19EB529760C7700966F5A /* Module.swift in Sources */,
				BB6DF34C29749E1E00E2D16F /* LearningApp.swift in Sources */,
				BBB19EBE29760D9E00966F5A /* Test.swift in Sources */,
				BBE0D9E9298716030056A5EF /* ContentDetailView.swift in Sources */,
				BB4581BF2981E53F00C62665 /* ContentView.swift in Sources */,
				BBB19EBB29760D2B00966F5A /* Lesson.swift in Sources */,
				BBB19EB829760CE200966F5A /* Content.swift in Sources */,
				BB6DF36329749F1400E2D16F /* ContentModel.swift in Sources */,
			);
			runOnlyForDeploymentPostprocessing = 0;
		};
/* End PBXSourcesBuildPhase section */

/* Begin XCBuildConfiguration section */
		BB6DF35529749E1F00E2D16F /* Debug */ = {
			isa = XCBuildConfiguration;
			buildSettings = {
				ALWAYS_SEARCH_USER_PATHS = NO;
				CLANG_ANALYZER_NONNULL = YES;
				CLANG_ANALYZER_NUMBER_OBJECT_CONVERSION = YES_AGGRESSIVE;
				CLANG_CXX_LANGUAGE_STANDARD = "gnu++14";
				CLANG_CXX_LIBRARY = "libc++";
				CLANG_ENABLE_MODULES = YES;
				CLANG_ENABLE_OBJC_ARC = YES;
				CLANG_ENABLE_OBJC_WEAK = YES;
				CLANG_WARN_BLOCK_CAPTURE_AUTORELEASING = YES;
				CLANG_WARN_BOOL_CONVERSION = YES;
				CLANG_WARN_COMMA = YES;
				CLANG_WARN_CONSTANT_CONVERSION = YES;
				CLANG_WARN_DEPRECATED_OBJC_IMPLEMENTATIONS = YES;
				CLANG_WARN_DIRECT_OBJC_ISA_USAGE = YES_ERROR;
				CLANG_WARN_DOCUMENTATION_COMMENTS = YES;
				CLANG_WARN_EMPTY_BODY = YES;
				CLANG_WARN_ENUM_CONVERSION = YES;
				CLANG_WARN_INFINITE_RECURSION = YES;
				CLANG_WARN_INT_CONVERSION = YES;
				CLANG_WARN_NON_LITERAL_NULL_CONVERSION = YES;
				CLANG_WARN_OBJC_IMPLICIT_RETAIN_SELF = YES;
				CLANG_WARN_OBJC_LITERAL_CONVERSION = YES;
				CLANG_WARN_OBJC_ROOT_CLASS = YES_ERROR;
				CLANG_WARN_QUOTED_INCLUDE_IN_FRAMEWORK_HEADER = YES;
				CLANG_WARN_RANGE_LOOP_ANALYSIS = YES;
				CLANG_WARN_STRICT_PROTOTYPES = YES;
				CLANG_WARN_SUSPICIOUS_MOVE = YES;
				CLANG_WARN_UNGUARDED_AVAILABILITY = YES_AGGRESSIVE;
				CLANG_WARN_UNREACHABLE_CODE = YES;
				CLANG_WARN__DUPLICATE_METHOD_MATCH = YES;
				COPY_PHASE_STRIP = NO;
				DEBUG_INFORMATION_FORMAT = dwarf;
				ENABLE_STRICT_OBJC_MSGSEND = YES;
				ENABLE_TESTABILITY = YES;
				GCC_C_LANGUAGE_STANDARD = gnu11;
				GCC_DYNAMIC_NO_PIC = NO;
				GCC_NO_COMMON_BLOCKS = YES;
				GCC_OPTIMIZATION_LEVEL = 0;
				GCC_PREPROCESSOR_DEFINITIONS = (
					"DEBUG=1",
					"$(inherited)",
				);
				GCC_WARN_64_TO_32_BIT_CONVERSION = YES;
				GCC_WARN_ABOUT_RETURN_TYPE = YES_ERROR;
				GCC_WARN_UNDECLARED_SELECTOR = YES;
				GCC_WARN_UNINITIALIZED_AUTOS = YES_AGGRESSIVE;
				GCC_WARN_UNUSED_FUNCTION = YES;
				GCC_WARN_UNUSED_VARIABLE = YES;
				IPHONEOS_DEPLOYMENT_TARGET = 14.4;
				MTL_ENABLE_DEBUG_INFO = INCLUDE_SOURCE;
				MTL_FAST_MATH = YES;
				ONLY_ACTIVE_ARCH = YES;
				SDKROOT = iphoneos;
				SWIFT_ACTIVE_COMPILATION_CONDITIONS = DEBUG;
				SWIFT_OPTIMIZATION_LEVEL = "-Onone";
			};
			name = Debug;
		};
		BB6DF35629749E1F00E2D16F /* Release */ = {
			isa = XCBuildConfiguration;
			buildSettings = {
				ALWAYS_SEARCH_USER_PATHS = NO;
				CLANG_ANALYZER_NONNULL = YES;
				CLANG_ANALYZER_NUMBER_OBJECT_CONVERSION = YES_AGGRESSIVE;
				CLANG_CXX_LANGUAGE_STANDARD = "gnu++14";
				CLANG_CXX_LIBRARY = "libc++";
				CLANG_ENABLE_MODULES = YES;
				CLANG_ENABLE_OBJC_ARC = YES;
				CLANG_ENABLE_OBJC_WEAK = YES;
				CLANG_WARN_BLOCK_CAPTURE_AUTORELEASING = YES;
				CLANG_WARN_BOOL_CONVERSION = YES;
				CLANG_WARN_COMMA = YES;
				CLANG_WARN_CONSTANT_CONVERSION = YES;
				CLANG_WARN_DEPRECATED_OBJC_IMPLEMENTATIONS = YES;
				CLANG_WARN_DIRECT_OBJC_ISA_USAGE = YES_ERROR;
				CLANG_WARN_DOCUMENTATION_COMMENTS = YES;
				CLANG_WARN_EMPTY_BODY = YES;
				CLANG_WARN_ENUM_CONVERSION = YES;
				CLANG_WARN_INFINITE_RECURSION = YES;
				CLANG_WARN_INT_CONVERSION = YES;
				CLANG_WARN_NON_LITERAL_NULL_CONVERSION = YES;
				CLANG_WARN_OBJC_IMPLICIT_RETAIN_SELF = YES;
				CLANG_WARN_OBJC_LITERAL_CONVERSION = YES;
				CLANG_WARN_OBJC_ROOT_CLASS = YES_ERROR;
				CLANG_WARN_QUOTED_INCLUDE_IN_FRAMEWORK_HEADER = YES;
				CLANG_WARN_RANGE_LOOP_ANALYSIS = YES;
				CLANG_WARN_STRICT_PROTOTYPES = YES;
				CLANG_WARN_SUSPICIOUS_MOVE = YES;
				CLANG_WARN_UNGUARDED_AVAILABILITY = YES_AGGRESSIVE;
				CLANG_WARN_UNREACHABLE_CODE = YES;
				CLANG_WARN__DUPLICATE_METHOD_MATCH = YES;
				COPY_PHASE_STRIP = NO;
				DEBUG_INFORMATION_FORMAT = "dwarf-with-dsym";
				ENABLE_NS_ASSERTIONS = NO;
				ENABLE_STRICT_OBJC_MSGSEND = YES;
				GCC_C_LANGUAGE_STANDARD = gnu11;
				GCC_NO_COMMON_BLOCKS = YES;
				GCC_WARN_64_TO_32_BIT_CONVERSION = YES;
				GCC_WARN_ABOUT_RETURN_TYPE = YES_ERROR;
				GCC_WARN_UNDECLARED_SELECTOR = YES;
				GCC_WARN_UNINITIALIZED_AUTOS = YES_AGGRESSIVE;
				GCC_WARN_UNUSED_FUNCTION = YES;
				GCC_WARN_UNUSED_VARIABLE = YES;
				IPHONEOS_DEPLOYMENT_TARGET = 14.4;
				MTL_ENABLE_DEBUG_INFO = NO;
				MTL_FAST_MATH = YES;
				SDKROOT = iphoneos;
				SWIFT_COMPILATION_MODE = wholemodule;
				SWIFT_OPTIMIZATION_LEVEL = "-O";
				VALIDATE_PRODUCT = YES;
			};
			name = Release;
		};
		BB6DF35829749E1F00E2D16F /* Debug */ = {
			isa = XCBuildConfiguration;
			buildSettings = {
				ASSETCATALOG_COMPILER_APPICON_NAME = AppIcon;
				ASSETCATALOG_COMPILER_GLOBAL_ACCENT_COLOR_NAME = AccentColor;
				CODE_SIGN_STYLE = Automatic;
				DEVELOPMENT_ASSET_PATHS = "\"learning-app/Preview Content\"";
				DEVELOPMENT_TEAM = 9FQSCL3JW8;
				ENABLE_PREVIEWS = YES;
				INFOPLIST_FILE = "learning-app/Info.plist";
				IPHONEOS_DEPLOYMENT_TARGET = 14.0;
				LD_RUNPATH_SEARCH_PATHS = (
					"$(inherited)",
					"@executable_path/Frameworks",
				);
				PRODUCT_BUNDLE_IDENTIFIER = "com.gohilpry.learning-app";
				PRODUCT_NAME = "$(TARGET_NAME)";
				SWIFT_VERSION = 5.0;
				TARGETED_DEVICE_FAMILY = "1,2";
			};
			name = Debug;
		};
		BB6DF35929749E1F00E2D16F /* Release */ = {
			isa = XCBuildConfiguration;
			buildSettings = {
				ASSETCATALOG_COMPILER_APPICON_NAME = AppIcon;
				ASSETCATALOG_COMPILER_GLOBAL_ACCENT_COLOR_NAME = AccentColor;
				CODE_SIGN_STYLE = Automatic;
				DEVELOPMENT_ASSET_PATHS = "\"learning-app/Preview Content\"";
				DEVELOPMENT_TEAM = 9FQSCL3JW8;
				ENABLE_PREVIEWS = YES;
				INFOPLIST_FILE = "learning-app/Info.plist";
				IPHONEOS_DEPLOYMENT_TARGET = 14.0;
				LD_RUNPATH_SEARCH_PATHS = (
					"$(inherited)",
					"@executable_path/Frameworks",
				);
				PRODUCT_BUNDLE_IDENTIFIER = "com.gohilpry.learning-app";
				PRODUCT_NAME = "$(TARGET_NAME)";
				SWIFT_VERSION = 5.0;
				TARGETED_DEVICE_FAMILY = "1,2";
			};
			name = Release;
		};
/* End XCBuildConfiguration section */

/* Begin XCConfigurationList section */
		BB6DF34329749E1E00E2D16F /* Build configuration list for PBXProject "learning-app" */ = {
			isa = XCConfigurationList;
			buildConfigurations = (
				BB6DF35529749E1F00E2D16F /* Debug */,
				BB6DF35629749E1F00E2D16F /* Release */,
			);
			defaultConfigurationIsVisible = 0;
			defaultConfigurationName = Release;
		};
		BB6DF35729749E1F00E2D16F /* Build configuration list for PBXNativeTarget "learning-app" */ = {
			isa = XCConfigurationList;
			buildConfigurations = (
				BB6DF35829749E1F00E2D16F /* Debug */,
				BB6DF35929749E1F00E2D16F /* Release */,
			);
			defaultConfigurationIsVisible = 0;
			defaultConfigurationName = Release;
		};
/* End XCConfigurationList section */
	};
	rootObject = BB6DF34029749E1E00E2D16F /* Project object */;
}
